
Microsoft Visual Studio Solution File, Format Version 12.00
# Visual Studio Version 16
VisualStudioVersion = 16.0.32901.82
MinimumVisualStudioVersion = 10.0.40219.1
Project("{FAE04EC0-301F-11D3-BF4B-00C04F79EFBC}") = "WebApplication1", "WebApplication1\WebApplication1.csproj", "{CFD4CA29-EDB8-4A4D-B510-5BFAE3A163D6}"
EndProject
Global
	GlobalSection(SolutionConfigurationPlatforms) = preSolution
		Debug|Any CPU = Debug|Any CPU
		Release|Any CPU = Release|Any CPU
	EndGlobalSection
	GlobalSection(ProjectConfigurationPlatforms) = postSolution
		{CFD4CA29-EDB8-4A4D-B510-5BFAE3A163D6}.Debug|Any CPU.ActiveCfg = Debug|Any CPU
		{CFD4CA29-EDB8-4A4D-B510-5BFAE3A163D6}.Debug|Any CPU.Build.0 = Debug|Any CPU
		{CFD4CA29-EDB8-4A4D-B510-5BFAE3A163D6}.Release|Any CPU.ActiveCfg = Release|Any CPU
		{CFD4CA29-EDB8-4A4D-B510-5BFAE3A163D6}.Release|Any CPU.Build.0 = Release|Any CPU
	EndGlobalSection
	GlobalSection(SolutionProperties) = preSolution
		HideSolutionNode = FALSE
	EndGlobalSection
	GlobalSection(ExtensibilityGlobals) = postSolution
		SolutionGuid = {4346825F-DA3C-4524-8FE4-C4F81A6756ED}
	EndGlobalSection
EndGlobal
